// !$*UTF8*$!
{
	archiveVersion = 1;
	classes = {
	};
	objectVersion = 77;
	objects = {

/* Begin PBXContainerItemProxy section */
		8618D0912D7ED7B0004470BE /* PBXContainerItemProxy */ = {
			isa = PBXContainerItemProxy;
			containerPortal = 8618D0712D7ED7AF004470BE /* Project object */;
			proxyType = 1;
			remoteGlobalIDString = 8618D0782D7ED7AF004470BE;
			remoteInfo = AITimoMath;
		};
		8618D09B2D7ED7B0004470BE /* PBXContainerItemProxy */ = {
			isa = PBXContainerItemProxy;
			containerPortal = 8618D0712D7ED7AF004470BE /* Project object */;
			proxyType = 1;
			remoteGlobalIDString = 8618D0782D7ED7AF004470BE;
			remoteInfo = AITimoMath;
		};
/* End PBXContainerItemProxy section */

/* Begin PBXFileReference section */
		8618D0792D7ED7AF004470BE /* AITimoMath.app */ = {isa = PBXFileReference; explicitFileType = wrapper.application; includeInIndex = 0; path = AITimoMath.app; sourceTree = BUILT_PRODUCTS_DIR; };
		8618D0902D7ED7B0004470BE /* AITimoMathTests.xctest */ = {isa = PBXFileReference; explicitFileType = wrapper.cfbundle; includeInIndex = 0; path = AITimoMathTests.xctest; sourceTree = BUILT_PRODUCTS_DIR; };
		8618D09A2D7ED7B0004470BE /* AITimoMathUITests.xctest */ = {isa = PBXFileReference; explicitFileType = wrapper.cfbundle; includeInIndex = 0; path = AITimoMathUITests.xctest; sourceTree = BUILT_PRODUCTS_DIR; };
/* End PBXFileReference section */

/* Begin PBXFileSystemSynchronizedBuildFileExceptionSet section */
		8618D0A22D7ED7B0004470BE /* Exceptions for "AITimoMath" folder in "AITimoMath" target */ = {
			isa = PBXFileSystemSynchronizedBuildFileExceptionSet;
			membershipExceptions = (
				Info.plist,
			);
			target = 8618D0782D7ED7AF004470BE /* AITimoMath */;
		};
/* End PBXFileSystemSynchronizedBuildFileExceptionSet section */

/* Begin PBXFileSystemSynchronizedRootGroup section */
		8618D07B2D7ED7AF004470BE /* AITimoMath */ = {
			isa = PBXFileSystemSynchronizedRootGroup;
			exceptions = (
				8618D0A22D7ED7B0004470BE /* Exceptions for "AITimoMath" folder in "AITimoMath" target */,
			);
			path = AITimoMath;
			sourceTree = "<group>";
		};
		8618D0932D7ED7B0004470BE /* AITimoMathTests */ = {
			isa = PBXFileSystemSynchronizedRootGroup;
			path = AITimoMathTests;
			sourceTree = "<group>";
		};
		8618D09D2D7ED7B0004470BE /* AITimoMathUITests */ = {
			isa = PBXFileSystemSynchronizedRootGroup;
			path = AITimoMathUITests;
			sourceTree = "<group>";
		};
/* End PBXFileSystemSynchronizedRootGroup section */

/* Begin PBXFrameworksBuildPhase section */
		8618D0762D7ED7AF004470BE /* Frameworks */ = {
			isa = PBXFrameworksBuildPhase;
			buildActionMask = 2147483647;
			files = (
			);
			runOnlyForDeploymentPostprocessing = 0;
		};
		8618D08D2D7ED7B0004470BE /* Frameworks */ = {
			isa = PBXFrameworksBuildPhase;
			buildActionMask = 2147483647;
			files = (
			);
			runOnlyForDeploymentPostprocessing = 0;
		};
		8618D0972D7ED7B0004470BE /* Frameworks */ = {
			isa = PBXFrameworksBuildPhase;
			buildActionMask = 2147483647;
			files = (
			);
			runOnlyForDeploymentPostprocessing = 0;
		};
/* End PBXFrameworksBuildPhase section */

/* Begin PBXGroup section */
		8618D0702D7ED7AF004470BE = {
			isa = PBXGroup;
			children = (
				8618D07B2D7ED7AF004470BE /* AITimoMath */,
				8618D0932D7ED7B0004470BE /* AITimoMathTests */,
				8618D09D2D7ED7B0004470BE /* AITimoMathUITests */,
				8618D07A2D7ED7AF004470BE /* Products */,
			);
			sourceTree = "<group>";
		};
		8618D07A2D7ED7AF004470BE /* Products */ = {
			isa = PBXGroup;
			children = (
				8618D0792D7ED7AF004470BE /* AITimoMath.app */,
				8618D0902D7ED7B0004470BE /* AITimoMathTests.xctest */,
				8618D09A2D7ED7B0004470BE /* AITimoMathUITests.xctest */,
			);
			name = Products;
			sourceTree = "<group>";
		};
/* End PBXGroup section */

/* Begin PBXNativeTarget section */
		8618D0782D7ED7AF004470BE /* AITimoMath */ = {
			isa = PBXNativeTarget;
			buildConfigurationList = 8618D0A32D7ED7B0004470BE /* Build configuration list for PBXNativeTarget "AITimoMath" */;
			buildPhases = (
				8618D0752D7ED7AF004470BE /* Sources */,
				8618D0762D7ED7AF004470BE /* Frameworks */,
				8618D0772D7ED7AF004470BE /* Resources */,
			);
			buildRules = (
			);
			dependencies = (
			);
			fileSystemSynchronizedGroups = (
				8618D07B2D7ED7AF004470BE /* AITimoMath */,
			);
			name = AITimoMath;
			packageProductDependencies = (
			);
			productName = AITimoMath;
			productReference = 8618D0792D7ED7AF004470BE /* AITimoMath.app */;
			productType = "com.apple.product-type.application";
		};
		8618D08F2D7ED7B0004470BE /* AITimoMathTests */ = {
			isa = PBXNativeTarget;
			buildConfigurationList = 8618D0A82D7ED7B0004470BE /* Build configuration list for PBXNativeTarget "AITimoMathTests" */;
			buildPhases = (
				8618D08C2D7ED7B0004470BE /* Sources */,
				8618D08D2D7ED7B0004470BE /* Frameworks */,
				8618D08E2D7ED7B0004470BE /* Resources */,
			);
			buildRules = (
			);
			dependencies = (
				8618D0922D7ED7B0004470BE /* PBXTargetDependency */,
			);
			fileSystemSynchronizedGroups = (
				8618D0932D7ED7B0004470BE /* AITimoMathTests */,
			);
			name = AITimoMathTests;
			packageProductDependencies = (
			);
			productName = AITimoMathTests;
			productReference = 8618D0902D7ED7B0004470BE /* AITimoMathTests.xctest */;
			productType = "com.apple.product-type.bundle.unit-test";
		};
		8618D0992D7ED7B0004470BE /* AITimoMathUITests */ = {
			isa = PBXNativeTarget;
			buildConfigurationList = 8618D0AB2D7ED7B0004470BE /* Build configuration list for PBXNativeTarget "AITimoMathUITests" */;
			buildPhases = (
				8618D0962D7ED7B0004470BE /* Sources */,
				8618D0972D7ED7B0004470BE /* Frameworks */,
				8618D0982D7ED7B0004470BE /* Resources */,
			);
			buildRules = (
			);
			dependencies = (
				8618D09C2D7ED7B0004470BE /* PBXTargetDependency */,
			);
			fileSystemSynchronizedGroups = (
				8618D09D2D7ED7B0004470BE /* AITimoMathUITests */,
			);
			name = AITimoMathUITests;
			packageProductDependencies = (
			);
			productName = AITimoMathUITests;
			productReference = 8618D09A2D7ED7B0004470BE /* AITimoMathUITests.xctest */;
			productType = "com.apple.product-type.bundle.ui-testing";
		};
/* End PBXNativeTarget section */

/* Begin PBXProject section */
		8618D0712D7ED7AF004470BE /* Project object */ = {
			isa = PBXProject;
			attributes = {
				BuildIndependentTargetsInParallel = 1;
				LastSwiftUpdateCheck = 1620;
				LastUpgradeCheck = 1620;
				TargetAttributes = {
					8618D0782D7ED7AF004470BE = {
						CreatedOnToolsVersion = 16.2;
					};
					8618D08F2D7ED7B0004470BE = {
						CreatedOnToolsVersion = 16.2;
						TestTargetID = 8618D0782D7ED7AF004470BE;
					};
					8618D0992D7ED7B0004470BE = {
						CreatedOnToolsVersion = 16.2;
						TestTargetID = 8618D0782D7ED7AF004470BE;
					};
				};
			};
			buildConfigurationList = 8618D0742D7ED7AF004470BE /* Build configuration list for PBXProject "AITimoMath" */;
			developmentRegion = en;
			hasScannedForEncodings = 0;
			knownRegions = (
				en,
				Base,
			);
			mainGroup = 8618D0702D7ED7AF004470BE;
			minimizedProjectReferenceProxies = 1;
			preferredProjectObjectVersion = 77;
			productRefGroup = 8618D07A2D7ED7AF004470BE /* Products */;
			projectDirPath = "";
			projectRoot = "";
			targets = (
				8618D0782D7ED7AF004470BE /* AITimoMath */,
				8618D08F2D7ED7B0004470BE /* AITimoMathTests */,
				8618D0992D7ED7B0004470BE /* AITimoMathUITests */,
			);
		};
/* End PBXProject section */

/* Begin PBXResourcesBuildPhase section */
		8618D0772D7ED7AF004470BE /* Resources */ = {
			isa = PBXResourcesBuildPhase;
			buildActionMask = 2147483647;
			files = (
			);
			runOnlyForDeploymentPostprocessing = 0;
		};
		8618D08E2D7ED7B0004470BE /* Resources */ = {
			isa = PBXResourcesBuildPhase;
			buildActionMask = 2147483647;
			files = (
			);
			runOnlyForDeploymentPostprocessing = 0;
		};
		8618D0982D7ED7B0004470BE /* Resources */ = {
			isa = PBXResourcesBuildPhase;
			buildActionMask = 2147483647;
			files = (
			);
			runOnlyForDeploymentPostprocessing = 0;
		};
/* End PBXResourcesBuildPhase section */

/* Begin PBXSourcesBuildPhase section */
		8618D0752D7ED7AF004470BE /* Sources */ = {
			isa = PBXSourcesBuildPhase;
			buildActionMask = 2147483647;
			files = (
			);
			runOnlyForDeploymentPostprocessing = 0;
		};
		8618D08C2D7ED7B0004470BE /* Sources */ = {
			isa = PBXSourcesBuildPhase;
			buildActionMask = 2147483647;
			files = (
			);
			runOnlyForDeploymentPostprocessing = 0;
		};
		8618D0962D7ED7B0004470BE /* Sources */ = {
			isa = PBXSourcesBuildPhase;
			buildActionMask = 2147483647;
			files = (
			);
			runOnlyForDeploymentPostprocessing = 0;
		};
/* End PBXSourcesBuildPhase section */

/* Begin PBXTargetDependency section */
		8618D0922D7ED7B0004470BE /* PBXTargetDependency */ = {
			isa = PBXTargetDependency;
			target = 8618D0782D7ED7AF004470BE /* AITimoMath */;
			targetProxy = 8618D0912D7ED7B0004470BE /* PBXContainerItemProxy */;
		};
		8618D09C2D7ED7B0004470BE /* PBXTargetDependency */ = {
			isa = PBXTargetDependency;
			target = 8618D0782D7ED7AF004470BE /* AITimoMath */;
			targetProxy = 8618D09B2D7ED7B0004470BE /* PBXContainerItemProxy */;
		};
/* End PBXTargetDependency section */

/* Begin XCBuildConfiguration section */
		8618D0A42D7ED7B0004470BE /* Debug */ = {
			isa = XCBuildConfiguration;
			buildSettings = {
				ASSETCATALOG_COMPILER_APPICON_NAME = AppIcon;
				ASSETCATALOG_COMPILER_GLOBAL_ACCENT_COLOR_NAME = AccentColor;
				CODE_SIGN_ENTITLEMENTS = AITimoMath/AITimoMath.entitlements;
				CODE_SIGN_STYLE = Manual;
				CURRENT_PROJECT_VERSION = 1;
				DEVELOPMENT_ASSET_PATHS = "\"AITimoMath/Preview Content\"";
				DEVELOPMENT_TEAM = "";
				ENABLE_PREVIEWS = YES;
				GENERATE_INFOPLIST_FILE = YES;
				INFOPLIST_FILE = AITimoMath/Info.plist;
				INFOPLIST_KEY_UIApplicationSceneManifest_Generation = YES;
				INFOPLIST_KEY_UIApplicationSupportsIndirectInputEvents = YES;
				INFOPLIST_KEY_UILaunchScreen_Generation = YES;
				INFOPLIST_KEY_UISupportedInterfaceOrientations_iPad = "UIInterfaceOrientationPortrait UIInterfaceOrientationPortraitUpsideDown UIInterfaceOrientationLandscapeLeft UIInterfaceOrientationLandscapeRight";
				INFOPLIST_KEY_UISupportedInterfaceOrientations_iPhone = "UIInterfaceOrientationPortrait UIInterfaceOrientationLandscapeLeft UIInterfaceOrientationLandscapeRight";
				LD_RUNPATH_SEARCH_PATHS = (
					"$(inherited)",
					"@executable_path/Frameworks",
				);
				MARKETING_VERSION = 1.0;
				PRODUCT_BUNDLE_IDENTIFIER = com.timo.math.AITimoMath;
				PRODUCT_NAME = "$(TARGET_NAME)";
				PROVISIONING_PROFILE_SPECIFIER = "";
				SWIFT_EMIT_LOC_STRINGS = YES;
				SWIFT_VERSION = 5.0;
				TARGETED_DEVICE_FAMILY = "1,2";
			};
			name = Debug;
		};
		8618D0A52D7ED7B0004470BE /* Release */ = {
			isa = XCBuildConfiguration;
			buildSettings = {
				ASSETCATALOG_COMPILER_APPICON_NAME = AppIcon;
				ASSETCATALOG_COMPILER_GLOBAL_ACCENT_COLOR_NAME = AccentColor;
				CODE_SIGN_ENTITLEMENTS = AITimoMath/AITimoMath.entitlements;
				CODE_SIGN_STYLE = Manual;
				CURRENT_PROJECT_VERSION = 1;
				DEVELOPMENT_ASSET_PATHS = "\"AITimoMath/Preview Content\"";
				DEVELOPMENT_TEAM = "";
				ENABLE_PREVIEWS = YES;
				GENERATE_INFOPLIST_FILE = YES;
				INFOPLIST_FILE = AITimoMath/Info.plist;
				INFOPLIST_KEY_UIApplicationSceneManifest_Generation = YES;
				INFOPLIST_KEY_UIApplicationSupportsIndirectInputEvents = YES;
				INFOPLIST_KEY_UILaunchScreen_Generation = YES;
				INFOPLIST_KEY_UISupportedInterfaceOrientations_iPad = "UIInterfaceOrientationPortrait UIInterfaceOrientationPortraitUpsideDown UIInterfaceOrientationLandscapeLeft UIInterfaceOrientationLandscapeRight";
				INFOPLIST_KEY_UISupportedInterfaceOrientations_iPhone = "UIInterfaceOrientationPortrait UIInterfaceOrientationLandscapeLeft UIInterfaceOrientationLandscapeRight";
				LD_RUNPATH_SEARCH_PATHS = (
					"$(inherited)",
					"@executable_path/Frameworks",
				);
				MARKETING_VERSION = 1.0;
				PRODUCT_BUNDLE_IDENTIFIER = com.timo.math.AITimoMath;
				PRODUCT_NAME = "$(TARGET_NAME)";
				PROVISIONING_PROFILE_SPECIFIER = "";
				SWIFT_EMIT_LOC_STRINGS = YES;
				SWIFT_VERSION = 5.0;
				TARGETED_DEVICE_FAMILY = "1,2";
			};
			name = Release;
		};
		8618D0A62D7ED7B0004470BE /* Debug */ = {
			isa = XCBuildConfiguration;
			buildSettings = {
				ALWAYS_SEARCH_USER_PATHS = NO;
				ASSETCATALOG_COMPILER_GENERATE_SWIFT_ASSET_SYMBOL_EXTENSIONS = YES;
				CLANG_ANALYZER_NONNULL = YES;
				CLANG_ANALYZER_NUMBER_OBJECT_CONVERSION = YES_AGGRESSIVE;
				CLANG_CXX_LANGUAGE_STANDARD = "gnu++20";
				CLANG_ENABLE_MODULES = YES;
				CLANG_ENABLE_OBJC_ARC = YES;
				CLANG_ENABLE_OBJC_WEAK = YES;
				CLANG_WARN_BLOCK_CAPTURE_AUTORELEASING = YES;
				CLANG_WARN_BOOL_CONVERSION = YES;
				CLANG_WARN_COMMA = YES;
				CLANG_WARN_CONSTANT_CONVERSION = YES;
				CLANG_WARN_DEPRECATED_OBJC_IMPLEMENTATIONS = YES;
				CLANG_WARN_DIRECT_OBJC_ISA_USAGE = YES_ERROR;
				CLANG_WARN_DOCUMENTATION_COMMENTS = YES;
				CLANG_WARN_EMPTY_BODY = YES;
				CLANG_WARN_ENUM_CONVERSION = YES;
				CLANG_WARN_INFINITE_RECURSION = YES;
				CLANG_WARN_INT_CONVERSION = YES;
				CLANG_WARN_NON_LITERAL_NULL_CONVERSION = YES;
				CLANG_WARN_OBJC_IMPLICIT_RETAIN_SELF = YES;
				CLANG_WARN_OBJC_LITERAL_CONVERSION = YES;
				CLANG_WARN_OBJC_ROOT_CLASS = YES_ERROR;
				CLANG_WARN_QUOTED_INCLUDE_IN_FRAMEWORK_HEADER = YES;
				CLANG_WARN_RANGE_LOOP_ANALYSIS = YES;
				CLANG_WARN_STRICT_PROTOTYPES = YES;
				CLANG_WARN_SUSPICIOUS_MOVE = YES;
				CLANG_WARN_UNGUARDED_AVAILABILITY = YES_AGGRESSIVE;
				CLANG_WARN_UNREACHABLE_CODE = YES;
				CLANG_WARN__DUPLICATE_METHOD_MATCH = YES;
				COPY_PHASE_STRIP = NO;
				DEBUG_INFORMATION_FORMAT = dwarf;
				ENABLE_STRICT_OBJC_MSGSEND = YES;
				ENABLE_TESTABILITY = YES;
				ENABLE_USER_SCRIPT_SANDBOXING = YES;
				GCC_C_LANGUAGE_STANDARD = gnu17;
				GCC_DYNAMIC_NO_PIC = NO;
				GCC_NO_COMMON_BLOCKS = YES;
				GCC_OPTIMIZATION_LEVEL = 0;
				GCC_PREPROCESSOR_DEFINITIONS = (
					"DEBUG=1",
					"$(inherited)",
				);
				GCC_WARN_64_TO_32_BIT_CONVERSION = YES;
				GCC_WARN_ABOUT_RETURN_TYPE = YES_ERROR;
				GCC_WARN_UNDECLARED_SELECTOR = YES;
				GCC_WARN_UNINITIALIZED_AUTOS = YES_AGGRESSIVE;
				GCC_WARN_UNUSED_FUNCTION = YES;
				GCC_WARN_UNUSED_VARIABLE = YES;
				IPHONEOS_DEPLOYMENT_TARGET = 18.2;
				LOCALIZATION_PREFERS_STRING_CATALOGS = YES;
				MTL_ENABLE_DEBUG_INFO = INCLUDE_SOURCE;
				MTL_FAST_MATH = YES;
				ONLY_ACTIVE_ARCH = YES;
				SDKROOT = iphoneos;
				SWIFT_ACTIVE_COMPILATION_CONDITIONS = "DEBUG $(inherited)";
				SWIFT_OPTIMIZATION_LEVEL = "-Onone";
			};
			name = Debug;
		};
		8618D0A72D7ED7B0004470BE /* Release */ = {
			isa = XCBuildConfiguration;
			buildSettings = {
				ALWAYS_SEARCH_USER_PATHS = NO;
				ASSETCATALOG_COMPILER_GENERATE_SWIFT_ASSET_SYMBOL_EXTENSIONS = YES;
				CLANG_ANALYZER_NONNULL = YES;
				CLANG_ANALYZER_NUMBER_OBJECT_CONVERSION = YES_AGGRESSIVE;
				CLANG_CXX_LANGUAGE_STANDARD = "gnu++20";
				CLANG_ENABLE_MODULES = YES;
				CLANG_ENABLE_OBJC_ARC = YES;
				CLANG_ENABLE_OBJC_WEAK = YES;
				CLANG_WARN_BLOCK_CAPTURE_AUTORELEASING = YES;
				CLANG_WARN_BOOL_CONVERSION = YES;
				CLANG_WARN_COMMA = YES;
				CLANG_WARN_CONSTANT_CONVERSION = YES;
				CLANG_WARN_DEPRECATED_OBJC_IMPLEMENTATIONS = YES;
				CLANG_WARN_DIRECT_OBJC_ISA_USAGE = YES_ERROR;
				CLANG_WARN_DOCUMENTATION_COMMENTS = YES;
				CLANG_WARN_EMPTY_BODY = YES;
				CLANG_WARN_ENUM_CONVERSION = YES;
				CLANG_WARN_INFINITE_RECURSION = YES;
				CLANG_WARN_INT_CONVERSION = YES;
				CLANG_WARN_NON_LITERAL_NULL_CONVERSION = YES;
				CLANG_WARN_OBJC_IMPLICIT_RETAIN_SELF = YES;
				CLANG_WARN_OBJC_LITERAL_CONVERSION = YES;
				CLANG_WARN_OBJC_ROOT_CLASS = YES_ERROR;
				CLANG_WARN_QUOTED_INCLUDE_IN_FRAMEWORK_HEADER = YES;
				CLANG_WARN_RANGE_LOOP_ANALYSIS = YES;
				CLANG_WARN_STRICT_PROTOTYPES = YES;
				CLANG_WARN_SUSPICIOUS_MOVE = YES;
				CLANG_WARN_UNGUARDED_AVAILABILITY = YES_AGGRESSIVE;
				CLANG_WARN_UNREACHABLE_CODE = YES;
				CLANG_WARN__DUPLICATE_METHOD_MATCH = YES;
				COPY_PHASE_STRIP = NO;
				DEBUG_INFORMATION_FORMAT = "dwarf-with-dsym";
				ENABLE_NS_ASSERTIONS = NO;
				ENABLE_STRICT_OBJC_MSGSEND = YES;
				ENABLE_USER_SCRIPT_SANDBOXING = YES;
				GCC_C_LANGUAGE_STANDARD = gnu17;
				GCC_NO_COMMON_BLOCKS = YES;
				GCC_WARN_64_TO_32_BIT_CONVERSION = YES;
				GCC_WARN_ABOUT_RETURN_TYPE = YES_ERROR;
				GCC_WARN_UNDECLARED_SELECTOR = YES;
				GCC_WARN_UNINITIALIZED_AUTOS = YES_AGGRESSIVE;
				GCC_WARN_UNUSED_FUNCTION = YES;
				GCC_WARN_UNUSED_VARIABLE = YES;
				IPHONEOS_DEPLOYMENT_TARGET = 18.2;
				LOCALIZATION_PREFERS_STRING_CATALOGS = YES;
				MTL_ENABLE_DEBUG_INFO = NO;
				MTL_FAST_MATH = YES;
				SDKROOT = iphoneos;
				SWIFT_COMPILATION_MODE = wholemodule;
				VALIDATE_PRODUCT = YES;
			};
			name = Release;
		};
		8618D0A92D7ED7B0004470BE /* Debug */ = {
			isa = XCBuildConfiguration;
			buildSettings = {
				BUNDLE_LOADER = "$(TEST_HOST)";
				CODE_SIGN_STYLE = Automatic;
				CURRENT_PROJECT_VERSION = 1;
				DEVELOPMENT_TEAM = 339RM376XF;
				GENERATE_INFOPLIST_FILE = YES;
				IPHONEOS_DEPLOYMENT_TARGET = 18.2;
				MARKETING_VERSION = 1.0;
				PRODUCT_BUNDLE_IDENTIFIER = com.timo.math.AITimoMathTests;
				PRODUCT_NAME = "$(TARGET_NAME)";
				SWIFT_EMIT_LOC_STRINGS = NO;
				SWIFT_VERSION = 5.0;
				TARGETED_DEVICE_FAMILY = "1,2";
				TEST_HOST = "$(BUILT_PRODUCTS_DIR)/AITimoMath.app/$(BUNDLE_EXECUTABLE_FOLDER_PATH)/AITimoMath";
			};
			name = Debug;
		};
		8618D0AA2D7ED7B0004470BE /* Release */ = {
			isa = XCBuildConfiguration;
			buildSettings = {
				BUNDLE_LOADER = "$(TEST_HOST)";
				CODE_SIGN_STYLE = Automatic;
				CURRENT_PROJECT_VERSION = 1;
				DEVELOPMENT_TEAM = 339RM376XF;
				GENERATE_INFOPLIST_FILE = YES;
				IPHONEOS_DEPLOYMENT_TARGET = 18.2;
				MARKETING_VERSION = 1.0;
				PRODUCT_BUNDLE_IDENTIFIER = com.timo.math.AITimoMathTests;
				PRODUCT_NAME = "$(TARGET_NAME)";
				SWIFT_EMIT_LOC_STRINGS = NO;
				SWIFT_VERSION = 5.0;
				TARGETED_DEVICE_FAMILY = "1,2";
				TEST_HOST = "$(BUILT_PRODUCTS_DIR)/AITimoMath.app/$(BUNDLE_EXECUTABLE_FOLDER_PATH)/AITimoMath";
			};
			name = Release;
		};
		8618D0AC2D7ED7B0004470BE /* Debug */ = {
			isa = XCBuildConfiguration;
			buildSettings = {
				CODE_SIGN_STYLE = Automatic;
				CURRENT_PROJECT_VERSION = 1;
				DEVELOPMENT_TEAM = 339RM376XF;
				GENERATE_INFOPLIST_FILE = YES;
				MARKETING_VERSION = 1.0;
				PRODUCT_BUNDLE_IDENTIFIER = com.timo.math.AITimoMathUITests;
				PRODUCT_NAME = "$(TARGET_NAME)";
				SWIFT_EMIT_LOC_STRINGS = NO;
				SWIFT_VERSION = 5.0;
				TARGETED_DEVICE_FAMILY = "1,2";
				TEST_TARGET_NAME = AITimoMath;
			};
			name = Debug;
		};
		8618D0AD2D7ED7B0004470BE /* Release */ = {
			isa = XCBuildConfiguration;
			buildSettings = {
				CODE_SIGN_STYLE = Automatic;
				CURRENT_PROJECT_VERSION = 1;
				DEVELOPMENT_TEAM = 339RM376XF;
				GENERATE_INFOPLIST_FILE = YES;
				MARKETING_VERSION = 1.0;
				PRODUCT_BUNDLE_IDENTIFIER = com.timo.math.AITimoMathUITests;
				PRODUCT_NAME = "$(TARGET_NAME)";
				SWIFT_EMIT_LOC_STRINGS = NO;
				SWIFT_VERSION = 5.0;
				TARGETED_DEVICE_FAMILY = "1,2";
				TEST_TARGET_NAME = AITimoMath;
			};
			name = Release;
		};
/* End XCBuildConfiguration section */

/* Begin XCConfigurationList section */
		8618D0742D7ED7AF004470BE /* Build configuration list for PBXProject "AITimoMath" */ = {
			isa = XCConfigurationList;
			buildConfigurations = (
				8618D0A62D7ED7B0004470BE /* Debug */,
				8618D0A72D7ED7B0004470BE /* Release */,
			);
			defaultConfigurationIsVisible = 0;
			defaultConfigurationName = Release;
		};
		8618D0A32D7ED7B0004470BE /* Build configuration list for PBXNativeTarget "AITimoMath" */ = {
			isa = XCConfigurationList;
			buildConfigurations = (
				8618D0A42D7ED7B0004470BE /* Debug */,
				8618D0A52D7ED7B0004470BE /* Release */,
			);
			defaultConfigurationIsVisible = 0;
			defaultConfigurationName = Release;
		};
		8618D0A82D7ED7B0004470BE /* Build configuration list for PBXNativeTarget "AITimoMathTests" */ = {
			isa = XCConfigurationList;
			buildConfigurations = (
				8618D0A92D7ED7B0004470BE /* Debug */,
				8618D0AA2D7ED7B0004470BE /* Release */,
			);
			defaultConfigurationIsVisible = 0;
			defaultConfigurationName = Release;
		};
		8618D0AB2D7ED7B0004470BE /* Build configuration list for PBXNativeTarget "AITimoMathUITests" */ = {
			isa = XCConfigurationList;
			buildConfigurations = (
				8618D0AC2D7ED7B0004470BE /* Debug */,
				8618D0AD2D7ED7B0004470BE /* Release */,
			);
			defaultConfigurationIsVisible = 0;
			defaultConfigurationName = Release;
		};
/* End XCConfigurationList section */
	};
	rootObject = 8618D0712D7ED7AF004470BE /* Project object */;
}
